
Microsoft Visual Studio Solution File, Format Version 12.00
# Visual Studio Version 17
VisualStudioVersion = 17.5.33627.172
MinimumVisualStudioVersion = 10.0.40219.1
Project("{9A19103F-16F7-4668-BE54-9A1E7A4F7556}") = "CalibrationML", "CalibrationML\CalibrationML.csproj", "{9B8400A9-5991-410A-9195-F82CE81536B6}"
EndProject
Project("{9A19103F-16F7-4668-BE54-9A1E7A4F7556}") = "GenerationImageDistribution", "GenerationImageDistribution\GenerationImageDistribution.csproj", "{9645D45E-59C1-48B8-88CE-A6AF0C9D788E}"
EndProject
Project("{9A19103F-16F7-4668-BE54-9A1E7A4F7556}") = "OnlineCalibrator.Server", "OnlineCalibrator\Server\OnlineCalibrator.Server.csproj", "{2C26DC2D-9F87-4F3A-B33A-6EF920E07020}"
EndProject
Project("{9A19103F-16F7-4668-BE54-9A1E7A4F7556}") = "OnlineCalibrator.Client", "OnlineCalibrator\Client\OnlineCalibrator.Client.csproj", "{A5454834-8AB7-4440-B0CF-7BAB442BBEDE}"
EndProject
Project("{9A19103F-16F7-4668-BE54-9A1E7A4F7556}") = "OnlineCalibrator.Shared", "OnlineCalibrator\Shared\OnlineCalibrator.Shared.csproj", "{DFF12D3F-D91E-4031-AEE1-49DD87C0D9EA}"
EndProject
Project("{9A19103F-16F7-4668-BE54-9A1E7A4F7556}") = "Stochastique", "Stochastique\Stochastique.csproj", "{FA5BFB71-24FD-4CB2-AFAC-023021D14ED8}"
EndProject
Project("{FAE04EC0-301F-11D3-BF4B-00C04F79EFBC}") = "MauiApp1", "MauiApp1\MauiApp1.csproj", "{7A5A1DA6-9811-4F9F-93BC-1F28039F7B1B}"
EndProject
Global
	GlobalSection(SolutionConfigurationPlatforms) = preSolution
		Debug|Any CPU = Debug|Any CPU
		Release|Any CPU = Release|Any CPU
	EndGlobalSection
	GlobalSection(ProjectConfigurationPlatforms) = postSolution
		{9B8400A9-5991-410A-9195-F82CE81536B6}.Debug|Any CPU.ActiveCfg = Debug|Any CPU
		{9B8400A9-5991-410A-9195-F82CE81536B6}.Debug|Any CPU.Build.0 = Debug|Any CPU
		{9B8400A9-5991-410A-9195-F82CE81536B6}.Release|Any CPU.ActiveCfg = Release|Any CPU
		{9B8400A9-5991-410A-9195-F82CE81536B6}.Release|Any CPU.Build.0 = Release|Any CPU
		{9645D45E-59C1-48B8-88CE-A6AF0C9D788E}.Debug|Any CPU.ActiveCfg = Debug|Any CPU
		{9645D45E-59C1-48B8-88CE-A6AF0C9D788E}.Debug|Any CPU.Build.0 = Debug|Any CPU
		{9645D45E-59C1-48B8-88CE-A6AF0C9D788E}.Release|Any CPU.ActiveCfg = Release|Any CPU
		{9645D45E-59C1-48B8-88CE-A6AF0C9D788E}.Release|Any CPU.Build.0 = Release|Any CPU
		{2C26DC2D-9F87-4F3A-B33A-6EF920E07020}.Debug|Any CPU.ActiveCfg = Debug|Any CPU
		{2C26DC2D-9F87-4F3A-B33A-6EF920E07020}.Debug|Any CPU.Build.0 = Debug|Any CPU
		{2C26DC2D-9F87-4F3A-B33A-6EF920E07020}.Release|Any CPU.ActiveCfg = Release|Any CPU
		{2C26DC2D-9F87-4F3A-B33A-6EF920E07020}.Release|Any CPU.Build.0 = Release|Any CPU
		{A5454834-8AB7-4440-B0CF-7BAB442BBEDE}.Debug|Any CPU.ActiveCfg = Debug|Any CPU
		{A5454834-8AB7-4440-B0CF-7BAB442BBEDE}.Debug|Any CPU.Build.0 = Debug|Any CPU
		{A5454834-8AB7-4440-B0CF-7BAB442BBEDE}.Release|Any CPU.ActiveCfg = Release|Any CPU
		{A5454834-8AB7-4440-B0CF-7BAB442BBEDE}.Release|Any CPU.Build.0 = Release|Any CPU
		{DFF12D3F-D91E-4031-AEE1-49DD87C0D9EA}.Debug|Any CPU.ActiveCfg = Debug|Any CPU
		{DFF12D3F-D91E-4031-AEE1-49DD87C0D9EA}.Debug|Any CPU.Build.0 = Debug|Any CPU
		{DFF12D3F-D91E-4031-AEE1-49DD87C0D9EA}.Release|Any CPU.ActiveCfg = Release|Any CPU
		{DFF12D3F-D91E-4031-AEE1-49DD87C0D9EA}.Release|Any CPU.Build.0 = Release|Any CPU
		{FA5BFB71-24FD-4CB2-AFAC-023021D14ED8}.Debug|Any CPU.ActiveCfg = Debug|Any CPU
		{FA5BFB71-24FD-4CB2-AFAC-023021D14ED8}.Debug|Any CPU.Build.0 = Debug|Any CPU
		{FA5BFB71-24FD-4CB2-AFAC-023021D14ED8}.Release|Any CPU.ActiveCfg = Release|Any CPU
		{FA5BFB71-24FD-4CB2-AFAC-023021D14ED8}.Release|Any CPU.Build.0 = Release|Any CPU
		{7A5A1DA6-9811-4F9F-93BC-1F28039F7B1B}.Debug|Any CPU.ActiveCfg = Debug|Any CPU
		{7A5A1DA6-9811-4F9F-93BC-1F28039F7B1B}.Debug|Any CPU.Build.0 = Debug|Any CPU
		{7A5A1DA6-9811-4F9F-93BC-1F28039F7B1B}.Debug|Any CPU.Deploy.0 = Debug|Any CPU
		{7A5A1DA6-9811-4F9F-93BC-1F28039F7B1B}.Release|Any CPU.ActiveCfg = Release|Any CPU
		{7A5A1DA6-9811-4F9F-93BC-1F28039F7B1B}.Release|Any CPU.Build.0 = Release|Any CPU
		{7A5A1DA6-9811-4F9F-93BC-1F28039F7B1B}.Release|Any CPU.Deploy.0 = Release|Any CPU
	EndGlobalSection
	GlobalSection(SolutionProperties) = preSolution
		HideSolutionNode = FALSE
	EndGlobalSection
	GlobalSection(ExtensibilityGlobals) = postSolution
		SolutionGuid = {2E349560-6FB6-44AC-9B86-AABC464C67C0}
	EndGlobalSection
EndGlobal
